{
  "name": "grunt-concat-define",
  "version": "0.8.1",
  "lockfileVersion": 1,
  "requires": true,
  "dependencies": {
    "concat-define": {
      "version": "0.8.1",
      "resolved": "https://registry.npmjs.org/concat-define/-/concat-define-0.8.1.tgz",
      "integrity": "sha512-kQ0P2E7KXwQtBkQFMNqKSs9k/oC8e0uYTQlqQlGAbLUibwOqPPgplUtUqqVOeBQVB+uCv1Bq4PPfiQd3yNVCZA=="
    },
    "recursive-readdir-sync": {
      "version": "1.0.6",
      "resolved": "https://registry.npmjs.org/recursive-readdir-sync/-/recursive-readdir-sync-1.0.6.tgz",
      "integrity": "sha1-Hb9tMvPFu4083pemxYjVR6nhPVY="
    }
  }
}
