{
  "name": "grunt-concat-define",
  "version": "0.8.1",
  "lockfileVersion": 1,
  "requires": true,
  "dependencies": {
    "concat-define": {
      "version": "0.8.2",
      "resolved": "https://registry.npmjs.org/concat-define/-/concat-define-0.8.2.tgz",
      "integrity": "sha512-Zq+ZykshcGL3NxmtpLmYHts+3v6nIopXMyoQphyt3U/W8ZzwVxvzoiX7LdlNpLbQ6nz6vL39Dby+8jeZIf+rjA=="
    },
    "recursive-readdir-sync": {
      "version": "1.0.6",
      "resolved": "https://registry.npmjs.org/recursive-readdir-sync/-/recursive-readdir-sync-1.0.6.tgz",
      "integrity": "sha1-Hb9tMvPFu4083pemxYjVR6nhPVY="
    }
  }
}
