{
  "name": "grunt-concat-define",
  "version": "0.9.0",
  "lockfileVersion": 1,
  "requires": true,
  "dependencies": {
    "concat-define": {
      "version": "0.9.1",
      "resolved": "https://registry.npmjs.org/concat-define/-/concat-define-0.9.1.tgz",
      "integrity": "sha512-LB7Lu0AMq0Sq4nE82NCWabik5m2EYn/a/YjltaL6RpLFk+VE0k9cRpes4YNvf9J94lHqhRv0J0Y1wiQytQjWVg=="
    },
    "recursive-readdir-sync": {
      "version": "1.0.6",
      "resolved": "https://registry.npmjs.org/recursive-readdir-sync/-/recursive-readdir-sync-1.0.6.tgz",
      "integrity": "sha1-Hb9tMvPFu4083pemxYjVR6nhPVY="
    }
  }
}
